
Microsoft Visual Studio Solution File, Format Version 12.00
# Visual Studio Version 17
VisualStudioVersion = 17.4.33213.308
MinimumVisualStudioVersion = 10.0.40219.1
Project("{FAE04EC0-301F-11D3-BF4B-00C04F79EFBC}") = "StringManipulation", "StringManipulation\StringManipulation.csproj", "{56ABF75B-8FAC-4913-8501-AE145E0F254A}"
EndProject
Global
	GlobalSection(SolutionConfigurationPlatforms) = preSolution
		Debug|Any CPU = Debug|Any CPU
		Release|Any CPU = Release|Any CPU
	EndGlobalSection
	GlobalSection(ProjectConfigurationPlatforms) = postSolution
		{56ABF75B-8FAC-4913-8501-AE145E0F254A}.Debug|Any CPU.ActiveCfg = Debug|Any CPU
		{56ABF75B-8FAC-4913-8501-AE145E0F254A}.Debug|Any CPU.Build.0 = Debug|Any CPU
		{56ABF75B-8FAC-4913-8501-AE145E0F254A}.Release|Any CPU.ActiveCfg = Release|Any CPU
		{56ABF75B-8FAC-4913-8501-AE145E0F254A}.Release|Any CPU.Build.0 = Release|Any CPU
	EndGlobalSection
	GlobalSection(SolutionProperties) = preSolution
		HideSolutionNode = FALSE
	EndGlobalSection
	GlobalSection(ExtensibilityGlobals) = postSolution
		SolutionGuid = {E04EB3E3-5235-41F9-96D6-595079FEE79E}
	EndGlobalSection
EndGlobal
